
Microsoft Visual Studio Solution File, Format Version 12.00
# Visual Studio 2012
Project("{FAE04EC0-301F-11D3-BF4B-00C04F79EFBC}") = "IntelliHome.WS", "IntelliHome.WS\IntelliHome.WS.csproj", "{DAB6A977-F68D-4FFA-8535-65031C9DF628}"
EndProject
Global
	GlobalSection(SolutionConfigurationPlatforms) = preSolution
		Debug|Any CPU = Debug|Any CPU
		Release|Any CPU = Release|Any CPU
	EndGlobalSection
	GlobalSection(ProjectConfigurationPlatforms) = postSolution
		{DAB6A977-F68D-4FFA-8535-65031C9DF628}.Debug|Any CPU.ActiveCfg = Debug|Any CPU
		{DAB6A977-F68D-4FFA-8535-65031C9DF628}.Debug|Any CPU.Build.0 = Debug|Any CPU
		{DAB6A977-F68D-4FFA-8535-65031C9DF628}.Release|Any CPU.ActiveCfg = Release|Any CPU
		{DAB6A977-F68D-4FFA-8535-65031C9DF628}.Release|Any CPU.Build.0 = Release|Any CPU
	EndGlobalSection
	GlobalSection(SolutionProperties) = preSolution
		HideSolutionNode = FALSE
	EndGlobalSection
EndGlobal
